// !$*UTF8*$!
{
	archiveVersion = 1;
	classes = {
	};
	objectVersion = 50;
	objects = {

/* Begin PBXBuildFile section */
		CF3C704B22D33FF30081EB47 /* AppDelegate.swift in Sources */ = {isa = PBXBuildFile; fileRef = CF3C704A22D33FF30081EB47 /* AppDelegate.swift */; };
		CF3C704D22D33FF30081EB47 /* SceneDelegate.swift in Sources */ = {isa = PBXBuildFile; fileRef = CF3C704C22D33FF30081EB47 /* SceneDelegate.swift */; };
		CF3C705122D33FF40081EB47 /* Assets.xcassets in Resources */ = {isa = PBXBuildFile; fileRef = CF3C705022D33FF40081EB47 /* Assets.xcassets */; };
		CF3C705422D33FF40081EB47 /* Preview Assets.xcassets in Resources */ = {isa = PBXBuildFile; fileRef = CF3C705322D33FF40081EB47 /* Preview Assets.xcassets */; };
		CF3C705722D33FF40081EB47 /* LaunchScreen.storyboard in Resources */ = {isa = PBXBuildFile; fileRef = CF3C705522D33FF40081EB47 /* LaunchScreen.storyboard */; };
		CF3C706222D33FF40081EB47 /* DarkSkyTests.swift in Sources */ = {isa = PBXBuildFile; fileRef = CF3C706122D33FF40081EB47 /* DarkSkyTests.swift */; };
		CF3C706D22D342FB0081EB47 /* LocationListView.swift in Sources */ = {isa = PBXBuildFile; fileRef = CF3C706C22D342FB0081EB47 /* LocationListView.swift */; };
		CF3C707022D343450081EB47 /* Location.swift in Sources */ = {isa = PBXBuildFile; fileRef = CF3C706F22D343450081EB47 /* Location.swift */; };
		CF3C707222D3463A0081EB47 /* LocationCell.swift in Sources */ = {isa = PBXBuildFile; fileRef = CF3C707122D3463A0081EB47 /* LocationCell.swift */; };
		CF3C707522D380910081EB47 /* WeatherUnits.swift in Sources */ = {isa = PBXBuildFile; fileRef = CF3C707422D380910081EB47 /* WeatherUnits.swift */; };
		FF61FB7E22D34AE8003F45FE /* LocationDetailsView.swift in Sources */ = {isa = PBXBuildFile; fileRef = FF61FB7D22D34AE8003F45FE /* LocationDetailsView.swift */; };
		FF61FB8F22D354B5003F45FE /* Currently.swift in Sources */ = {isa = PBXBuildFile; fileRef = FF61FB8222D354B4003F45FE /* Currently.swift */; };
		FF61FB9122D354B5003F45FE /* DailyDatum.swift in Sources */ = {isa = PBXBuildFile; fileRef = FF61FB8422D354B5003F45FE /* DailyDatum.swift */; };
		FF61FB9222D354B5003F45FE /* Flags.swift in Sources */ = {isa = PBXBuildFile; fileRef = FF61FB8522D354B5003F45FE /* Flags.swift */; };
		FF61FB9422D354B5003F45FE /* PrecipType.swift in Sources */ = {isa = PBXBuildFile; fileRef = FF61FB8722D354B5003F45FE /* PrecipType.swift */; };
		FF61FB9522D354B5003F45FE /* Hourly.swift in Sources */ = {isa = PBXBuildFile; fileRef = FF61FB8822D354B5003F45FE /* Hourly.swift */; };
		FF61FB9622D354B5003F45FE /* HourlyDatum.swift in Sources */ = {isa = PBXBuildFile; fileRef = FF61FB8922D354B5003F45FE /* HourlyDatum.swift */; };
		FF61FB9722D354B5003F45FE /* Icon.swift in Sources */ = {isa = PBXBuildFile; fileRef = FF61FB8A22D354B5003F45FE /* Icon.swift */; };
		FF61FB9822D354B5003F45FE /* Forecast.swift in Sources */ = {isa = PBXBuildFile; fileRef = FF61FB8B22D354B5003F45FE /* Forecast.swift */; };
		FF61FB9922D354B5003F45FE /* Daily.swift in Sources */ = {isa = PBXBuildFile; fileRef = FF61FB8C22D354B5003F45FE /* Daily.swift */; };
		FF61FB9A22D354B5003F45FE /* Minutely.swift in Sources */ = {isa = PBXBuildFile; fileRef = FF61FB8D22D354B5003F45FE /* Minutely.swift */; };
		FF61FB9B22D354B5003F45FE /* MinutelyDatum.swift in Sources */ = {isa = PBXBuildFile; fileRef = FF61FB8E22D354B5003F45FE /* MinutelyDatum.swift */; };
		FF61FB9D22D354F6003F45FE /* DarkSkyController.swift in Sources */ = {isa = PBXBuildFile; fileRef = FF61FB9C22D354F6003F45FE /* DarkSkyController.swift */; };
		FF61FB9F22D3590A003F45FE /* Temperature.swift in Sources */ = {isa = PBXBuildFile; fileRef = FF61FB9E22D3590A003F45FE /* Temperature.swift */; };
		FF61FBA222D35A6B003F45FE /* forecast.json in Resources */ = {isa = PBXBuildFile; fileRef = FF61FBA122D35A6B003F45FE /* forecast.json */; };
		FF61FBA422D36D37003F45FE /* forecast.json in Resources */ = {isa = PBXBuildFile; fileRef = FF61FBA322D36D36003F45FE /* forecast.json */; };
/* End PBXBuildFile section */

/* Begin PBXContainerItemProxy section */
		CF3C705E22D33FF40081EB47 /* PBXContainerItemProxy */ = {
			isa = PBXContainerItemProxy;
			containerPortal = CF3C703F22D33FF20081EB47 /* Project object */;
			proxyType = 1;
			remoteGlobalIDString = CF3C704622D33FF30081EB47;
			remoteInfo = DarkSky;
		};
/* End PBXContainerItemProxy section */

/* Begin PBXFileReference section */
		CF3C704722D33FF30081EB47 /* DarkSky.app */ = {isa = PBXFileReference; explicitFileType = wrapper.application; includeInIndex = 0; path = DarkSky.app; sourceTree = BUILT_PRODUCTS_DIR; };
		CF3C704A22D33FF30081EB47 /* AppDelegate.swift */ = {isa = PBXFileReference; lastKnownFileType = sourcecode.swift; path = AppDelegate.swift; sourceTree = "<group>"; };
		CF3C704C22D33FF30081EB47 /* SceneDelegate.swift */ = {isa = PBXFileReference; lastKnownFileType = sourcecode.swift; path = SceneDelegate.swift; sourceTree = "<group>"; };
		CF3C705022D33FF40081EB47 /* Assets.xcassets */ = {isa = PBXFileReference; lastKnownFileType = folder.assetcatalog; path = Assets.xcassets; sourceTree = "<group>"; };
		CF3C705322D33FF40081EB47 /* Preview Assets.xcassets */ = {isa = PBXFileReference; lastKnownFileType = folder.assetcatalog; path = "Preview Assets.xcassets"; sourceTree = "<group>"; };
		CF3C705622D33FF40081EB47 /* Base */ = {isa = PBXFileReference; lastKnownFileType = file.storyboard; name = Base; path = Base.lproj/LaunchScreen.storyboard; sourceTree = "<group>"; };
		CF3C705822D33FF40081EB47 /* Info.plist */ = {isa = PBXFileReference; lastKnownFileType = text.plist.xml; path = Info.plist; sourceTree = "<group>"; };
		CF3C705D22D33FF40081EB47 /* DarkSkyTests.xctest */ = {isa = PBXFileReference; explicitFileType = wrapper.cfbundle; includeInIndex = 0; path = DarkSkyTests.xctest; sourceTree = BUILT_PRODUCTS_DIR; };
		CF3C706122D33FF40081EB47 /* DarkSkyTests.swift */ = {isa = PBXFileReference; lastKnownFileType = sourcecode.swift; path = DarkSkyTests.swift; sourceTree = "<group>"; };
		CF3C706322D33FF40081EB47 /* Info.plist */ = {isa = PBXFileReference; lastKnownFileType = text.plist.xml; path = Info.plist; sourceTree = "<group>"; };
		CF3C706C22D342FB0081EB47 /* LocationListView.swift */ = {isa = PBXFileReference; lastKnownFileType = sourcecode.swift; path = LocationListView.swift; sourceTree = "<group>"; };
		CF3C706F22D343450081EB47 /* Location.swift */ = {isa = PBXFileReference; lastKnownFileType = sourcecode.swift; path = Location.swift; sourceTree = "<group>"; };
		CF3C707122D3463A0081EB47 /* LocationCell.swift */ = {isa = PBXFileReference; lastKnownFileType = sourcecode.swift; path = LocationCell.swift; sourceTree = "<group>"; };
		CF3C707422D380910081EB47 /* WeatherUnits.swift */ = {isa = PBXFileReference; lastKnownFileType = sourcecode.swift; path = WeatherUnits.swift; sourceTree = "<group>"; };
		FF61FB7D22D34AE8003F45FE /* LocationDetailsView.swift */ = {isa = PBXFileReference; lastKnownFileType = sourcecode.swift; path = LocationDetailsView.swift; sourceTree = "<group>"; };
		FF61FB8222D354B4003F45FE /* Currently.swift */ = {isa = PBXFileReference; fileEncoding = 4; lastKnownFileType = sourcecode.swift; path = Currently.swift; sourceTree = "<group>"; };
		FF61FB8422D354B5003F45FE /* DailyDatum.swift */ = {isa = PBXFileReference; fileEncoding = 4; lastKnownFileType = sourcecode.swift; path = DailyDatum.swift; sourceTree = "<group>"; };
		FF61FB8522D354B5003F45FE /* Flags.swift */ = {isa = PBXFileReference; fileEncoding = 4; lastKnownFileType = sourcecode.swift; path = Flags.swift; sourceTree = "<group>"; };
		FF61FB8722D354B5003F45FE /* PrecipType.swift */ = {isa = PBXFileReference; fileEncoding = 4; lastKnownFileType = sourcecode.swift; path = PrecipType.swift; sourceTree = "<group>"; };
		FF61FB8822D354B5003F45FE /* Hourly.swift */ = {isa = PBXFileReference; fileEncoding = 4; lastKnownFileType = sourcecode.swift; path = Hourly.swift; sourceTree = "<group>"; };
		FF61FB8922D354B5003F45FE /* HourlyDatum.swift */ = {isa = PBXFileReference; fileEncoding = 4; lastKnownFileType = sourcecode.swift; path = HourlyDatum.swift; sourceTree = "<group>"; };
		FF61FB8A22D354B5003F45FE /* Icon.swift */ = {isa = PBXFileReference; fileEncoding = 4; lastKnownFileType = sourcecode.swift; path = Icon.swift; sourceTree = "<group>"; };
		FF61FB8B22D354B5003F45FE /* Forecast.swift */ = {isa = PBXFileReference; fileEncoding = 4; lastKnownFileType = sourcecode.swift; path = Forecast.swift; sourceTree = "<group>"; };
		FF61FB8C22D354B5003F45FE /* Daily.swift */ = {isa = PBXFileReference; fileEncoding = 4; lastKnownFileType = sourcecode.swift; path = Daily.swift; sourceTree = "<group>"; };
		FF61FB8D22D354B5003F45FE /* Minutely.swift */ = {isa = PBXFileReference; fileEncoding = 4; lastKnownFileType = sourcecode.swift; path = Minutely.swift; sourceTree = "<group>"; };
		FF61FB8E22D354B5003F45FE /* MinutelyDatum.swift */ = {isa = PBXFileReference; fileEncoding = 4; lastKnownFileType = sourcecode.swift; path = MinutelyDatum.swift; sourceTree = "<group>"; };
		FF61FB9C22D354F6003F45FE /* DarkSkyController.swift */ = {isa = PBXFileReference; lastKnownFileType = sourcecode.swift; path = DarkSkyController.swift; sourceTree = "<group>"; };
		FF61FB9E22D3590A003F45FE /* Temperature.swift */ = {isa = PBXFileReference; lastKnownFileType = sourcecode.swift; path = Temperature.swift; sourceTree = "<group>"; };
		FF61FBA122D35A6B003F45FE /* forecast.json */ = {isa = PBXFileReference; lastKnownFileType = text.json; path = forecast.json; sourceTree = "<group>"; };
		FF61FBA322D36D36003F45FE /* forecast.json */ = {isa = PBXFileReference; fileEncoding = 4; lastKnownFileType = text.json; name = forecast.json; path = DarkSkyTests/json/forecast.json; sourceTree = SOURCE_ROOT; };
/* End PBXFileReference section */

/* Begin PBXFrameworksBuildPhase section */
		CF3C704422D33FF30081EB47 /* Frameworks */ = {
			isa = PBXFrameworksBuildPhase;
			buildActionMask = 2147483647;
			files = (
			);
			runOnlyForDeploymentPostprocessing = 0;
		};
		CF3C705A22D33FF40081EB47 /* Frameworks */ = {
			isa = PBXFrameworksBuildPhase;
			buildActionMask = 2147483647;
			files = (
			);
			runOnlyForDeploymentPostprocessing = 0;
		};
/* End PBXFrameworksBuildPhase section */

/* Begin PBXGroup section */
		CF3C703E22D33FF20081EB47 = {
			isa = PBXGroup;
			children = (
				CF3C704922D33FF30081EB47 /* DarkSky */,
				CF3C706022D33FF40081EB47 /* DarkSkyTests */,
				CF3C704822D33FF30081EB47 /* Products */,
			);
			sourceTree = "<group>";
		};
		CF3C704822D33FF30081EB47 /* Products */ = {
			isa = PBXGroup;
			children = (
				CF3C704722D33FF30081EB47 /* DarkSky.app */,
				CF3C705D22D33FF40081EB47 /* DarkSkyTests.xctest */,
			);
			name = Products;
			sourceTree = "<group>";
		};
		CF3C704922D33FF30081EB47 /* DarkSky */ = {
			isa = PBXGroup;
			children = (
				FF61FB8122D354A1003F45FE /* DarkSkyModel */,
				CF3C706E22D343360081EB47 /* Model */,
				CF3C704A22D33FF30081EB47 /* AppDelegate.swift */,
				CF3C704C22D33FF30081EB47 /* SceneDelegate.swift */,
				CF3C705022D33FF40081EB47 /* Assets.xcassets */,
				CF3C705522D33FF40081EB47 /* LaunchScreen.storyboard */,
				CF3C705822D33FF40081EB47 /* Info.plist */,
				CF3C705222D33FF40081EB47 /* Preview Content */,
				CF3C707322D346440081EB47 /* Views */,
				FF61FB9C22D354F6003F45FE /* DarkSkyController.swift */,
			);
			path = DarkSky;
			sourceTree = "<group>";
		};
		CF3C705222D33FF40081EB47 /* Preview Content */ = {
			isa = PBXGroup;
			children = (
				FF61FBA322D36D36003F45FE /* forecast.json */,
				CF3C705322D33FF40081EB47 /* Preview Assets.xcassets */,
			);
			path = "Preview Content";
			sourceTree = "<group>";
		};
		CF3C706022D33FF40081EB47 /* DarkSkyTests */ = {
			isa = PBXGroup;
			children = (
				FF61FBA022D35A55003F45FE /* json */,
				CF3C706122D33FF40081EB47 /* DarkSkyTests.swift */,
				CF3C706322D33FF40081EB47 /* Info.plist */,
			);
			path = DarkSkyTests;
			sourceTree = "<group>";
		};
		CF3C706E22D343360081EB47 /* Model */ = {
			isa = PBXGroup;
			children = (
				FF61FB9E22D3590A003F45FE /* Temperature.swift */,
				CF3C706F22D343450081EB47 /* Location.swift */,
				CF3C707422D380910081EB47 /* WeatherUnits.swift */,
			);
			path = Model;
			sourceTree = "<group>";
		};
		CF3C707322D346440081EB47 /* Views */ = {
			isa = PBXGroup;
			children = (
				CF3C706C22D342FB0081EB47 /* LocationListView.swift */,
				CF3C707122D3463A0081EB47 /* LocationCell.swift */,
				FF61FB7D22D34AE8003F45FE /* LocationDetailsView.swift */,
			);
			path = Views;
			sourceTree = "<group>";
		};
		FF61FB8122D354A1003F45FE /* DarkSkyModel */ = {
			isa = PBXGroup;
			children = (
				FF61FB8222D354B4003F45FE /* Currently.swift */,
				FF61FB8C22D354B5003F45FE /* Daily.swift */,
				FF61FB8422D354B5003F45FE /* DailyDatum.swift */,
				FF61FB8522D354B5003F45FE /* Flags.swift */,
				FF61FB8B22D354B5003F45FE /* Forecast.swift */,
				FF61FB8822D354B5003F45FE /* Hourly.swift */,
				FF61FB8922D354B5003F45FE /* HourlyDatum.swift */,
				FF61FB8A22D354B5003F45FE /* Icon.swift */,
				FF61FB8D22D354B5003F45FE /* Minutely.swift */,
				FF61FB8E22D354B5003F45FE /* MinutelyDatum.swift */,
				FF61FB8722D354B5003F45FE /* PrecipType.swift */,
			);
			path = DarkSkyModel;
			sourceTree = "<group>";
		};
		FF61FBA022D35A55003F45FE /* json */ = {
			isa = PBXGroup;
			children = (
				FF61FBA122D35A6B003F45FE /* forecast.json */,
			);
			path = json;
			sourceTree = "<group>";
		};
/* End PBXGroup section */

/* Begin PBXNativeTarget section */
		CF3C704622D33FF30081EB47 /* DarkSky */ = {
			isa = PBXNativeTarget;
			buildConfigurationList = CF3C706622D33FF40081EB47 /* Build configuration list for PBXNativeTarget "DarkSky" */;
			buildPhases = (
				CF3C704322D33FF30081EB47 /* Sources */,
				CF3C704422D33FF30081EB47 /* Frameworks */,
				CF3C704522D33FF30081EB47 /* Resources */,
			);
			buildRules = (
			);
			dependencies = (
			);
			name = DarkSky;
			productName = DarkSky;
			productReference = CF3C704722D33FF30081EB47 /* DarkSky.app */;
			productType = "com.apple.product-type.application";
		};
		CF3C705C22D33FF40081EB47 /* DarkSkyTests */ = {
			isa = PBXNativeTarget;
			buildConfigurationList = CF3C706922D33FF40081EB47 /* Build configuration list for PBXNativeTarget "DarkSkyTests" */;
			buildPhases = (
				CF3C705922D33FF40081EB47 /* Sources */,
				CF3C705A22D33FF40081EB47 /* Frameworks */,
				CF3C705B22D33FF40081EB47 /* Resources */,
			);
			buildRules = (
			);
			dependencies = (
				CF3C705F22D33FF40081EB47 /* PBXTargetDependency */,
			);
			name = DarkSkyTests;
			productName = DarkSkyTests;
			productReference = CF3C705D22D33FF40081EB47 /* DarkSkyTests.xctest */;
			productType = "com.apple.product-type.bundle.unit-test";
		};
/* End PBXNativeTarget section */

/* Begin PBXProject section */
		CF3C703F22D33FF20081EB47 /* Project object */ = {
			isa = PBXProject;
			attributes = {
				LastSwiftUpdateCheck = 1100;
				LastUpgradeCheck = 1100;
				ORGANIZATIONNAME = "BCG DV";
				TargetAttributes = {
					CF3C704622D33FF30081EB47 = {
						CreatedOnToolsVersion = 11.0;
					};
					CF3C705C22D33FF40081EB47 = {
						CreatedOnToolsVersion = 11.0;
						TestTargetID = CF3C704622D33FF30081EB47;
					};
				};
			};
			buildConfigurationList = CF3C704222D33FF20081EB47 /* Build configuration list for PBXProject "DarkSky" */;
			compatibilityVersion = "Xcode 9.3";
			developmentRegion = en;
			hasScannedForEncodings = 0;
			knownRegions = (
				en,
				Base,
			);
			mainGroup = CF3C703E22D33FF20081EB47;
			productRefGroup = CF3C704822D33FF30081EB47 /* Products */;
			projectDirPath = "";
			projectRoot = "";
			targets = (
				CF3C704622D33FF30081EB47 /* DarkSky */,
				CF3C705C22D33FF40081EB47 /* DarkSkyTests */,
			);
		};
/* End PBXProject section */

/* Begin PBXResourcesBuildPhase section */
		CF3C704522D33FF30081EB47 /* Resources */ = {
			isa = PBXResourcesBuildPhase;
			buildActionMask = 2147483647;
			files = (
				FF61FBA422D36D37003F45FE /* forecast.json in Resources */,
				CF3C705722D33FF40081EB47 /* LaunchScreen.storyboard in Resources */,
				CF3C705422D33FF40081EB47 /* Preview Assets.xcassets in Resources */,
				CF3C705122D33FF40081EB47 /* Assets.xcassets in Resources */,
			);
			runOnlyForDeploymentPostprocessing = 0;
		};
		CF3C705B22D33FF40081EB47 /* Resources */ = {
			isa = PBXResourcesBuildPhase;
			buildActionMask = 2147483647;
			files = (
				FF61FBA222D35A6B003F45FE /* forecast.json in Resources */,
			);
			runOnlyForDeploymentPostprocessing = 0;
		};
/* End PBXResourcesBuildPhase section */

/* Begin PBXSourcesBuildPhase section */
		CF3C704322D33FF30081EB47 /* Sources */ = {
			isa = PBXSourcesBuildPhase;
			buildActionMask = 2147483647;
			files = (
				CF3C707522D380910081EB47 /* WeatherUnits.swift in Sources */,
				FF61FB9822D354B5003F45FE /* Forecast.swift in Sources */,
				CF3C704B22D33FF30081EB47 /* AppDelegate.swift in Sources */,
				CF3C707222D3463A0081EB47 /* LocationCell.swift in Sources */,
				FF61FB9A22D354B5003F45FE /* Minutely.swift in Sources */,
				FF61FB9722D354B5003F45FE /* Icon.swift in Sources */,
				FF61FB9422D354B5003F45FE /* PrecipType.swift in Sources */,
				CF3C706D22D342FB0081EB47 /* LocationListView.swift in Sources */,
				FF61FB9522D354B5003F45FE /* Hourly.swift in Sources */,
				FF61FB9922D354B5003F45FE /* Daily.swift in Sources */,
				CF3C707022D343450081EB47 /* Location.swift in Sources */,
				FF61FB9622D354B5003F45FE /* HourlyDatum.swift in Sources */,
				FF61FB7E22D34AE8003F45FE /* LocationDetailsView.swift in Sources */,
				CF3C704D22D33FF30081EB47 /* SceneDelegate.swift in Sources */,
				FF61FB9B22D354B5003F45FE /* MinutelyDatum.swift in Sources */,
				FF61FB9222D354B5003F45FE /* Flags.swift in Sources */,
				FF61FB8F22D354B5003F45FE /* Currently.swift in Sources */,
				FF61FB9D22D354F6003F45FE /* DarkSkyController.swift in Sources */,
				FF61FB9F22D3590A003F45FE /* Temperature.swift in Sources */,
				FF61FB9122D354B5003F45FE /* DailyDatum.swift in Sources */,
			);
			runOnlyForDeploymentPostprocessing = 0;
		};
		CF3C705922D33FF40081EB47 /* Sources */ = {
			isa = PBXSourcesBuildPhase;
			buildActionMask = 2147483647;
			files = (
				CF3C706222D33FF40081EB47 /* DarkSkyTests.swift in Sources */,
			);
			runOnlyForDeploymentPostprocessing = 0;
		};
/* End PBXSourcesBuildPhase section */

/* Begin PBXTargetDependency section */
		CF3C705F22D33FF40081EB47 /* PBXTargetDependency */ = {
			isa = PBXTargetDependency;
			target = CF3C704622D33FF30081EB47 /* DarkSky */;
			targetProxy = CF3C705E22D33FF40081EB47 /* PBXContainerItemProxy */;
		};
/* End PBXTargetDependency section */

/* Begin PBXVariantGroup section */
		CF3C705522D33FF40081EB47 /* LaunchScreen.storyboard */ = {
			isa = PBXVariantGroup;
			children = (
				CF3C705622D33FF40081EB47 /* Base */,
			);
			name = LaunchScreen.storyboard;
			sourceTree = "<group>";
		};
/* End PBXVariantGroup section */

/* Begin XCBuildConfiguration section */
		CF3C706422D33FF40081EB47 /* Debug */ = {
			isa = XCBuildConfiguration;
			buildSettings = {
				ALWAYS_SEARCH_USER_PATHS = NO;
				CLANG_ANALYZER_NONNULL = YES;
				CLANG_ANALYZER_NUMBER_OBJECT_CONVERSION = YES_AGGRESSIVE;
				CLANG_CXX_LANGUAGE_STANDARD = "gnu++14";
				CLANG_CXX_LIBRARY = "libc++";
				CLANG_ENABLE_MODULES = YES;
				CLANG_ENABLE_OBJC_ARC = YES;
				CLANG_ENABLE_OBJC_WEAK = YES;
				CLANG_WARN_BLOCK_CAPTURE_AUTORELEASING = YES;
				CLANG_WARN_BOOL_CONVERSION = YES;
				CLANG_WARN_COMMA = YES;
				CLANG_WARN_CONSTANT_CONVERSION = YES;
				CLANG_WARN_DEPRECATED_OBJC_IMPLEMENTATIONS = YES;
				CLANG_WARN_DIRECT_OBJC_ISA_USAGE = YES_ERROR;
				CLANG_WARN_DOCUMENTATION_COMMENTS = YES;
				CLANG_WARN_EMPTY_BODY = YES;
				CLANG_WARN_ENUM_CONVERSION = YES;
				CLANG_WARN_INFINITE_RECURSION = YES;
				CLANG_WARN_INT_CONVERSION = YES;
				CLANG_WARN_NON_LITERAL_NULL_CONVERSION = YES;
				CLANG_WARN_OBJC_IMPLICIT_RETAIN_SELF = YES;
				CLANG_WARN_OBJC_LITERAL_CONVERSION = YES;
				CLANG_WARN_OBJC_ROOT_CLASS = YES_ERROR;
				CLANG_WARN_RANGE_LOOP_ANALYSIS = YES;
				CLANG_WARN_STRICT_PROTOTYPES = YES;
				CLANG_WARN_SUSPICIOUS_MOVE = YES;
				CLANG_WARN_UNGUARDED_AVAILABILITY = YES_AGGRESSIVE;
				CLANG_WARN_UNREACHABLE_CODE = YES;
				CLANG_WARN__DUPLICATE_METHOD_MATCH = YES;
				COPY_PHASE_STRIP = NO;
				DEBUG_INFORMATION_FORMAT = dwarf;
				ENABLE_STRICT_OBJC_MSGSEND = YES;
				ENABLE_TESTABILITY = YES;
				GCC_C_LANGUAGE_STANDARD = gnu11;
				GCC_DYNAMIC_NO_PIC = NO;
				GCC_NO_COMMON_BLOCKS = YES;
				GCC_OPTIMIZATION_LEVEL = 0;
				GCC_PREPROCESSOR_DEFINITIONS = (
					"DEBUG=1",
					"$(inherited)",
				);
				GCC_WARN_64_TO_32_BIT_CONVERSION = YES;
				GCC_WARN_ABOUT_RETURN_TYPE = YES_ERROR;
				GCC_WARN_UNDECLARED_SELECTOR = YES;
				GCC_WARN_UNINITIALIZED_AUTOS = YES_AGGRESSIVE;
				GCC_WARN_UNUSED_FUNCTION = YES;
				GCC_WARN_UNUSED_VARIABLE = YES;
				IPHONEOS_DEPLOYMENT_TARGET = 13.0;
				MTL_ENABLE_DEBUG_INFO = INCLUDE_SOURCE;
				MTL_FAST_MATH = YES;
				ONLY_ACTIVE_ARCH = YES;
				SDKROOT = iphoneos;
				SWIFT_ACTIVE_COMPILATION_CONDITIONS = DEBUG;
				SWIFT_OPTIMIZATION_LEVEL = "-Onone";
			};
			name = Debug;
		};
		CF3C706522D33FF40081EB47 /* Release */ = {
			isa = XCBuildConfiguration;
			buildSettings = {
				ALWAYS_SEARCH_USER_PATHS = NO;
				CLANG_ANALYZER_NONNULL = YES;
				CLANG_ANALYZER_NUMBER_OBJECT_CONVERSION = YES_AGGRESSIVE;
				CLANG_CXX_LANGUAGE_STANDARD = "gnu++14";
				CLANG_CXX_LIBRARY = "libc++";
				CLANG_ENABLE_MODULES = YES;
				CLANG_ENABLE_OBJC_ARC = YES;
				CLANG_ENABLE_OBJC_WEAK = YES;
				CLANG_WARN_BLOCK_CAPTURE_AUTORELEASING = YES;
				CLANG_WARN_BOOL_CONVERSION = YES;
				CLANG_WARN_COMMA = YES;
				CLANG_WARN_CONSTANT_CONVERSION = YES;
				CLANG_WARN_DEPRECATED_OBJC_IMPLEMENTATIONS = YES;
				CLANG_WARN_DIRECT_OBJC_ISA_USAGE = YES_ERROR;
				CLANG_WARN_DOCUMENTATION_COMMENTS = YES;
				CLANG_WARN_EMPTY_BODY = YES;
				CLANG_WARN_ENUM_CONVERSION = YES;
				CLANG_WARN_INFINITE_RECURSION = YES;
				CLANG_WARN_INT_CONVERSION = YES;
				CLANG_WARN_NON_LITERAL_NULL_CONVERSION = YES;
				CLANG_WARN_OBJC_IMPLICIT_RETAIN_SELF = YES;
				CLANG_WARN_OBJC_LITERAL_CONVERSION = YES;
				CLANG_WARN_OBJC_ROOT_CLASS = YES_ERROR;
				CLANG_WARN_RANGE_LOOP_ANALYSIS = YES;
				CLANG_WARN_STRICT_PROTOTYPES = YES;
				CLANG_WARN_SUSPICIOUS_MOVE = YES;
				CLANG_WARN_UNGUARDED_AVAILABILITY = YES_AGGRESSIVE;
				CLANG_WARN_UNREACHABLE_CODE = YES;
				CLANG_WARN__DUPLICATE_METHOD_MATCH = YES;
				COPY_PHASE_STRIP = NO;
				DEBUG_INFORMATION_FORMAT = "dwarf-with-dsym";
				ENABLE_NS_ASSERTIONS = NO;
				ENABLE_STRICT_OBJC_MSGSEND = YES;
				GCC_C_LANGUAGE_STANDARD = gnu11;
				GCC_NO_COMMON_BLOCKS = YES;
				GCC_WARN_64_TO_32_BIT_CONVERSION = YES;
				GCC_WARN_ABOUT_RETURN_TYPE = YES_ERROR;
				GCC_WARN_UNDECLARED_SELECTOR = YES;
				GCC_WARN_UNINITIALIZED_AUTOS = YES_AGGRESSIVE;
				GCC_WARN_UNUSED_FUNCTION = YES;
				GCC_WARN_UNUSED_VARIABLE = YES;
				IPHONEOS_DEPLOYMENT_TARGET = 13.0;
				MTL_ENABLE_DEBUG_INFO = NO;
				MTL_FAST_MATH = YES;
				SDKROOT = iphoneos;
				SWIFT_COMPILATION_MODE = wholemodule;
				SWIFT_OPTIMIZATION_LEVEL = "-O";
				VALIDATE_PRODUCT = YES;
			};
			name = Release;
		};
		CF3C706722D33FF40081EB47 /* Debug */ = {
			isa = XCBuildConfiguration;
			buildSettings = {
				ASSETCATALOG_COMPILER_APPICON_NAME = AppIcon;
				CODE_SIGN_STYLE = Automatic;
				DEVELOPMENT_ASSET_PATHS = "DarkSky/Preview\\ Content";
				ENABLE_PREVIEWS = YES;
				INFOPLIST_FILE = DarkSky/Info.plist;
				LD_RUNPATH_SEARCH_PATHS = (
					"$(inherited)",
					"@executable_path/Frameworks",
				);
				PRODUCT_BUNDLE_IDENTIFIER = io.bcgdv.DarkSky;
				PRODUCT_NAME = "$(TARGET_NAME)";
				SWIFT_VERSION = 5.0;
				TARGETED_DEVICE_FAMILY = "1,2";
			};
			name = Debug;
		};
		CF3C706822D33FF40081EB47 /* Release */ = {
			isa = XCBuildConfiguration;
			buildSettings = {
				ASSETCATALOG_COMPILER_APPICON_NAME = AppIcon;
				CODE_SIGN_STYLE = Automatic;
				DEVELOPMENT_ASSET_PATHS = "DarkSky/Preview\\ Content";
				ENABLE_PREVIEWS = YES;
				INFOPLIST_FILE = DarkSky/Info.plist;
				LD_RUNPATH_SEARCH_PATHS = (
					"$(inherited)",
					"@executable_path/Frameworks",
				);
				PRODUCT_BUNDLE_IDENTIFIER = io.bcgdv.DarkSky;
				PRODUCT_NAME = "$(TARGET_NAME)";
				SWIFT_VERSION = 5.0;
				TARGETED_DEVICE_FAMILY = "1,2";
			};
			name = Release;
		};
		CF3C706A22D33FF40081EB47 /* Debug */ = {
			isa = XCBuildConfiguration;
			buildSettings = {
				ALWAYS_EMBED_SWIFT_STANDARD_LIBRARIES = YES;
				BUNDLE_LOADER = "$(TEST_HOST)";
				CODE_SIGN_STYLE = Automatic;
				INFOPLIST_FILE = DarkSkyTests/Info.plist;
				LD_RUNPATH_SEARCH_PATHS = (
					"$(inherited)",
					"@executable_path/Frameworks",
					"@loader_path/Frameworks",
				);
				PRODUCT_BUNDLE_IDENTIFIER = io.bcgdv.DarkSkyTests;
				PRODUCT_NAME = "$(TARGET_NAME)";
				SWIFT_VERSION = 5.0;
				TARGETED_DEVICE_FAMILY = "1,2";
				TEST_HOST = "$(BUILT_PRODUCTS_DIR)/DarkSky.app/DarkSky";
			};
			name = Debug;
		};
		CF3C706B22D33FF40081EB47 /* Release */ = {
			isa = XCBuildConfiguration;
			buildSettings = {
				ALWAYS_EMBED_SWIFT_STANDARD_LIBRARIES = YES;
				BUNDLE_LOADER = "$(TEST_HOST)";
				CODE_SIGN_STYLE = Automatic;
				INFOPLIST_FILE = DarkSkyTests/Info.plist;
				LD_RUNPATH_SEARCH_PATHS = (
					"$(inherited)",
					"@executable_path/Frameworks",
					"@loader_path/Frameworks",
				);
				PRODUCT_BUNDLE_IDENTIFIER = io.bcgdv.DarkSkyTests;
				PRODUCT_NAME = "$(TARGET_NAME)";
				SWIFT_VERSION = 5.0;
				TARGETED_DEVICE_FAMILY = "1,2";
				TEST_HOST = "$(BUILT_PRODUCTS_DIR)/DarkSky.app/DarkSky";
			};
			name = Release;
		};
/* End XCBuildConfiguration section */

/* Begin XCConfigurationList section */
		CF3C704222D33FF20081EB47 /* Build configuration list for PBXProject "DarkSky" */ = {
			isa = XCConfigurationList;
			buildConfigurations = (
				CF3C706422D33FF40081EB47 /* Debug */,
				CF3C706522D33FF40081EB47 /* Release */,
			);
			defaultConfigurationIsVisible = 0;
			defaultConfigurationName = Release;
		};
		CF3C706622D33FF40081EB47 /* Build configuration list for PBXNativeTarget "DarkSky" */ = {
			isa = XCConfigurationList;
			buildConfigurations = (
				CF3C706722D33FF40081EB47 /* Debug */,
				CF3C706822D33FF40081EB47 /* Release */,
			);
			defaultConfigurationIsVisible = 0;
			defaultConfigurationName = Release;
		};
		CF3C706922D33FF40081EB47 /* Build configuration list for PBXNativeTarget "DarkSkyTests" */ = {
			isa = XCConfigurationList;
			buildConfigurations = (
				CF3C706A22D33FF40081EB47 /* Debug */,
				CF3C706B22D33FF40081EB47 /* Release */,
			);
			defaultConfigurationIsVisible = 0;
			defaultConfigurationName = Release;
		};
/* End XCConfigurationList section */
	};
	rootObject = CF3C703F22D33FF20081EB47 /* Project object */;
}
